
Microsoft Visual Studio Solution File, Format Version 12.00
# Visual Studio 15
VisualStudioVersion = 15.0.27703.2018
MinimumVisualStudioVersion = 10.0.40219.1
Project("{9A19103F-16F7-4668-BE54-9A1E7A4F7556}") = "Edison.Core.Common", "Edison.Core\Edison.Core.Common\Edison.Core.Common.csproj", "{023A9E16-0CCB-42B6-B387-F7FA3DD30B35}"
EndProject
Project("{9A19103F-16F7-4668-BE54-9A1E7A4F7556}") = "Edison.Common", "Edison.Web\Edison.Common\Edison.Common.csproj", "{AAEFEBB2-56A1-4B3E-A8A8-100C33A94588}"
EndProject
Project("{9A19103F-16F7-4668-BE54-9A1E7A4F7556}") = "Edison.ChatBot.Client", "Edison.Web\Tests\ChatBot\CSharp\Edison.ChatBot.Client\Edison.ChatBot.Client.csproj", "{B297085E-5BE8-4365-871D-8F707F2EE16F}"
EndProject
Global
	GlobalSection(SolutionConfigurationPlatforms) = preSolution
		Debug|Any CPU = Debug|Any CPU
		Release|Any CPU = Release|Any CPU
	EndGlobalSection
	GlobalSection(ProjectConfigurationPlatforms) = postSolution
		{023A9E16-0CCB-42B6-B387-F7FA3DD30B35}.Debug|Any CPU.ActiveCfg = Debug|Any CPU
		{023A9E16-0CCB-42B6-B387-F7FA3DD30B35}.Debug|Any CPU.Build.0 = Debug|Any CPU
		{023A9E16-0CCB-42B6-B387-F7FA3DD30B35}.Release|Any CPU.ActiveCfg = Release|Any CPU
		{023A9E16-0CCB-42B6-B387-F7FA3DD30B35}.Release|Any CPU.Build.0 = Release|Any CPU
		{AAEFEBB2-56A1-4B3E-A8A8-100C33A94588}.Debug|Any CPU.ActiveCfg = Debug|Any CPU
		{AAEFEBB2-56A1-4B3E-A8A8-100C33A94588}.Debug|Any CPU.Build.0 = Debug|Any CPU
		{AAEFEBB2-56A1-4B3E-A8A8-100C33A94588}.Release|Any CPU.ActiveCfg = Release|Any CPU
		{AAEFEBB2-56A1-4B3E-A8A8-100C33A94588}.Release|Any CPU.Build.0 = Release|Any CPU
		{B297085E-5BE8-4365-871D-8F707F2EE16F}.Debug|Any CPU.ActiveCfg = Debug|Any CPU
		{B297085E-5BE8-4365-871D-8F707F2EE16F}.Debug|Any CPU.Build.0 = Debug|Any CPU
		{B297085E-5BE8-4365-871D-8F707F2EE16F}.Release|Any CPU.ActiveCfg = Release|Any CPU
		{B297085E-5BE8-4365-871D-8F707F2EE16F}.Release|Any CPU.Build.0 = Release|Any CPU
	EndGlobalSection
	GlobalSection(SolutionProperties) = preSolution
		HideSolutionNode = FALSE
	EndGlobalSection
	GlobalSection(ExtensibilityGlobals) = postSolution
		SolutionGuid = {DBD353FA-6D5D-44AC-9A3D-10237FEEC4AA}
	EndGlobalSection
EndGlobal
